
Microsoft Visual Studio Solution File, Format Version 12.00
# Visual Studio Version 17
VisualStudioVersion = 17.1.32210.238
MinimumVisualStudioVersion = 10.0.40219.1
Project("{FAE04EC0-301F-11D3-BF4B-00C04F79EFBC}") = "Modsmith", "Modsmith\Modsmith.csproj", "{55653FFF-BF72-4E7B-9C49-52F5A095252C}"
EndProject
Global
	GlobalSection(SolutionConfigurationPlatforms) = preSolution
		Debug|Any CPU = Debug|Any CPU
		Release|Any CPU = Release|Any CPU
	EndGlobalSection
	GlobalSection(ProjectConfigurationPlatforms) = postSolution
		{55653FFF-BF72-4E7B-9C49-52F5A095252C}.Debug|Any CPU.ActiveCfg = Debug|Any CPU
		{55653FFF-BF72-4E7B-9C49-52F5A095252C}.Debug|Any CPU.Build.0 = Debug|Any CPU
		{55653FFF-BF72-4E7B-9C49-52F5A095252C}.Release|Any CPU.ActiveCfg = Release|Any CPU
		{55653FFF-BF72-4E7B-9C49-52F5A095252C}.Release|Any CPU.Build.0 = Release|Any CPU
	EndGlobalSection
	GlobalSection(SolutionProperties) = preSolution
		HideSolutionNode = FALSE
	EndGlobalSection
	GlobalSection(ExtensibilityGlobals) = postSolution
		SolutionGuid = {F7DCFF62-A0DF-4E86-BEC0-A114CCCCA26D}
	EndGlobalSection
EndGlobal
